
Microsoft Visual Studio Solution File, Format Version 12.00
# Visual Studio Version 17
VisualStudioVersion = 17.8.34330.188
MinimumVisualStudioVersion = 10.0.40219.1
Project("{FAE04EC0-301F-11D3-BF4B-00C04F79EFBC}") = "Getri_ViewModels", "Getri_ViewModels\Getri_ViewModels.csproj", "{D2475848-2408-4462-A0DF-5FCE2FA63D0C}"
EndProject
Global
	GlobalSection(SolutionConfigurationPlatforms) = preSolution
		Debug|Any CPU = Debug|Any CPU
		Release|Any CPU = Release|Any CPU
	EndGlobalSection
	GlobalSection(ProjectConfigurationPlatforms) = postSolution
		{D2475848-2408-4462-A0DF-5FCE2FA63D0C}.Debug|Any CPU.ActiveCfg = Debug|Any CPU
		{D2475848-2408-4462-A0DF-5FCE2FA63D0C}.Debug|Any CPU.Build.0 = Debug|Any CPU
		{D2475848-2408-4462-A0DF-5FCE2FA63D0C}.Release|Any CPU.ActiveCfg = Release|Any CPU
		{D2475848-2408-4462-A0DF-5FCE2FA63D0C}.Release|Any CPU.Build.0 = Release|Any CPU
	EndGlobalSection
	GlobalSection(SolutionProperties) = preSolution
		HideSolutionNode = FALSE
	EndGlobalSection
	GlobalSection(ExtensibilityGlobals) = postSolution
		SolutionGuid = {B1377B3C-DFE4-4A31-A1B8-21E6C65DF29A}
	EndGlobalSection
EndGlobal
